
Microsoft Visual Studio Solution File, Format Version 12.00
# Visual Studio Version 17
VisualStudioVersion = 17.7.34009.444
MinimumVisualStudioVersion = 10.0.40219.1
Project("{9A19103F-16F7-4668-BE54-9A1E7A4F7556}") = "MinimalAPI-BookStore", "MinimalAPI-BookStore.csproj", "{8A4E1769-4FE6-4FCE-B40A-1F002A1E60F2}"
EndProject
Project("{FAE04EC0-301F-11D3-BF4B-00C04F79EFBC}") = "MVC-MinimalAPI", "..\MVC-MinimalAPI\MVC-MinimalAPI.csproj", "{E336BCE3-79EC-41E6-943A-A884BEFF3412}"
EndProject
Global
	GlobalSection(SolutionConfigurationPlatforms) = preSolution
		Debug|Any CPU = Debug|Any CPU
		Release|Any CPU = Release|Any CPU
	EndGlobalSection
	GlobalSection(ProjectConfigurationPlatforms) = postSolution
		{8A4E1769-4FE6-4FCE-B40A-1F002A1E60F2}.Debug|Any CPU.ActiveCfg = Debug|Any CPU
		{8A4E1769-4FE6-4FCE-B40A-1F002A1E60F2}.Debug|Any CPU.Build.0 = Debug|Any CPU
		{8A4E1769-4FE6-4FCE-B40A-1F002A1E60F2}.Release|Any CPU.ActiveCfg = Release|Any CPU
		{8A4E1769-4FE6-4FCE-B40A-1F002A1E60F2}.Release|Any CPU.Build.0 = Release|Any CPU
		{E336BCE3-79EC-41E6-943A-A884BEFF3412}.Debug|Any CPU.ActiveCfg = Debug|Any CPU
		{E336BCE3-79EC-41E6-943A-A884BEFF3412}.Debug|Any CPU.Build.0 = Debug|Any CPU
		{E336BCE3-79EC-41E6-943A-A884BEFF3412}.Release|Any CPU.ActiveCfg = Release|Any CPU
		{E336BCE3-79EC-41E6-943A-A884BEFF3412}.Release|Any CPU.Build.0 = Release|Any CPU
	EndGlobalSection
	GlobalSection(SolutionProperties) = preSolution
		HideSolutionNode = FALSE
	EndGlobalSection
	GlobalSection(ExtensibilityGlobals) = postSolution
		SolutionGuid = {00848967-EB5D-4AB8-8488-AB820B64E3BB}
	EndGlobalSection
EndGlobal
